
Microsoft Visual Studio Solution File, Format Version 12.00
# Visual Studio Version 17
VisualStudioVersion = 17.14.36623.8
MinimumVisualStudioVersion = 10.0.40219.1
Project("{FAE04EC0-301F-11D3-BF4B-00C04F79EFBC}") = "PRN222_Group4_FinalProject_FPTUResearchPaperManagement", "PRN222_Group4_FinalProject_FPTUResearchPaperManagement\PRN222_Group4_FinalProject_FPTUResearchPaperManagement.csproj", "{8CCB5135-34DD-4500-AB79-3BE034004F00}"
EndProject
Project("{FAE04EC0-301F-11D3-BF4B-00C04F79EFBC}") = "BusinessObject", "BusinessObject\BusinessObject.csproj", "{6DB46580-F81E-4507-A97C-6EEDACAEF242}"
EndProject
Project("{FAE04EC0-301F-11D3-BF4B-00C04F79EFBC}") = "DataAccessLayer", "DataAccessLayer\DataAccessLayer.csproj", "{C050687B-A3A7-4FB8-9B2B-6CE0326720AE}"
EndProject
Project("{FAE04EC0-301F-11D3-BF4B-00C04F79EFBC}") = "Repository", "Repository\Repository.csproj", "{5F5047BA-F859-4CF1-B0EA-13F63376938B}"
EndProject
Project("{FAE04EC0-301F-11D3-BF4B-00C04F79EFBC}") = "Service", "Service\Service.csproj", "{1776C32E-5ABA-4FD0-8363-40DF45537CB3}"
EndProject
Global
	GlobalSection(SolutionConfigurationPlatforms) = preSolution
		Debug|Any CPU = Debug|Any CPU
		Release|Any CPU = Release|Any CPU
	EndGlobalSection
	GlobalSection(ProjectConfigurationPlatforms) = postSolution
		{8CCB5135-34DD-4500-AB79-3BE034004F00}.Debug|Any CPU.ActiveCfg = Debug|Any CPU
		{8CCB5135-34DD-4500-AB79-3BE034004F00}.Debug|Any CPU.Build.0 = Debug|Any CPU
		{8CCB5135-34DD-4500-AB79-3BE034004F00}.Release|Any CPU.ActiveCfg = Release|Any CPU
		{8CCB5135-34DD-4500-AB79-3BE034004F00}.Release|Any CPU.Build.0 = Release|Any CPU
		{6DB46580-F81E-4507-A97C-6EEDACAEF242}.Debug|Any CPU.ActiveCfg = Debug|Any CPU
		{6DB46580-F81E-4507-A97C-6EEDACAEF242}.Debug|Any CPU.Build.0 = Debug|Any CPU
		{6DB46580-F81E-4507-A97C-6EEDACAEF242}.Release|Any CPU.ActiveCfg = Release|Any CPU
		{6DB46580-F81E-4507-A97C-6EEDACAEF242}.Release|Any CPU.Build.0 = Release|Any CPU
		{C050687B-A3A7-4FB8-9B2B-6CE0326720AE}.Debug|Any CPU.ActiveCfg = Debug|Any CPU
		{C050687B-A3A7-4FB8-9B2B-6CE0326720AE}.Debug|Any CPU.Build.0 = Debug|Any CPU
		{C050687B-A3A7-4FB8-9B2B-6CE0326720AE}.Release|Any CPU.ActiveCfg = Release|Any CPU
		{C050687B-A3A7-4FB8-9B2B-6CE0326720AE}.Release|Any CPU.Build.0 = Release|Any CPU
		{5F5047BA-F859-4CF1-B0EA-13F63376938B}.Debug|Any CPU.ActiveCfg = Debug|Any CPU
		{5F5047BA-F859-4CF1-B0EA-13F63376938B}.Debug|Any CPU.Build.0 = Debug|Any CPU
		{5F5047BA-F859-4CF1-B0EA-13F63376938B}.Release|Any CPU.ActiveCfg = Release|Any CPU
		{5F5047BA-F859-4CF1-B0EA-13F63376938B}.Release|Any CPU.Build.0 = Release|Any CPU
		{1776C32E-5ABA-4FD0-8363-40DF45537CB3}.Debug|Any CPU.ActiveCfg = Debug|Any CPU
		{1776C32E-5ABA-4FD0-8363-40DF45537CB3}.Debug|Any CPU.Build.0 = Debug|Any CPU
		{1776C32E-5ABA-4FD0-8363-40DF45537CB3}.Release|Any CPU.ActiveCfg = Release|Any CPU
		{1776C32E-5ABA-4FD0-8363-40DF45537CB3}.Release|Any CPU.Build.0 = Release|Any CPU
	EndGlobalSection
	GlobalSection(SolutionProperties) = preSolution
		HideSolutionNode = FALSE
	EndGlobalSection
	GlobalSection(ExtensibilityGlobals) = postSolution
		SolutionGuid = {09B35BEE-D62E-4941-8CC5-A2CC6E1AAFC7}
	EndGlobalSection
EndGlobal
